{
  "name": "@assalto-reale/authoritative-server",
  "version": "1.0.0-beta.1",
  "lockfileVersion": 3,
  "requires": true,
  "packages": {
    "": {
      "name": "@assalto-reale/authoritative-server",
      "version": "1.0.0-beta.1",
      "dependencies": {
        "@assalto-reale/game-core": "file:../game-core",
        "@assalto-reale/multiplayer-protocol": "file:../multiplayer-protocol"
      },
      "engines": {
        "node": ">=20"
      }
    },
    "../game-core": {
      "name": "@assalto-reale/game-core",
      "version": "1.0.0-beta.1"
    },
    "../multiplayer-protocol": {
      "name": "@assalto-reale/multiplayer-protocol",
      "version": "1.0.0-beta.1",
      "devDependencies": {
        "typescript": "^5.7.2"
      },
      "engines": {
        "node": ">=20"
      }
    },
    "node_modules/@assalto-reale/game-core": {
      "resolved": "../game-core",
      "link": true
    },
    "node_modules/@assalto-reale/multiplayer-protocol": {
      "resolved": "../multiplayer-protocol",
      "link": true
    }
  }
}
